
Microsoft Visual Studio Solution File, Format Version 12.00
# Visual Studio Version 17
VisualStudioVersion = 17.8.34408.163
MinimumVisualStudioVersion = 10.0.40219.1
Project("{FAE04EC0-301F-11D3-BF4B-00C04F79EFBC}") = "DataBaseMicroService", "DataBaseMicroService\DataBaseMicroService.csproj", "{A781F353-0E87-4D43-B672-0F92F8BF201B}"
EndProject
Global
	GlobalSection(SolutionConfigurationPlatforms) = preSolution
		Debug|Any CPU = Debug|Any CPU
		Release|Any CPU = Release|Any CPU
	EndGlobalSection
	GlobalSection(ProjectConfigurationPlatforms) = postSolution
		{A781F353-0E87-4D43-B672-0F92F8BF201B}.Debug|Any CPU.ActiveCfg = Debug|Any CPU
		{A781F353-0E87-4D43-B672-0F92F8BF201B}.Debug|Any CPU.Build.0 = Debug|Any CPU
		{A781F353-0E87-4D43-B672-0F92F8BF201B}.Release|Any CPU.ActiveCfg = Release|Any CPU
		{A781F353-0E87-4D43-B672-0F92F8BF201B}.Release|Any CPU.Build.0 = Release|Any CPU
	EndGlobalSection
	GlobalSection(SolutionProperties) = preSolution
		HideSolutionNode = FALSE
	EndGlobalSection
	GlobalSection(ExtensibilityGlobals) = postSolution
		SolutionGuid = {F734D4D3-2CE4-4594-AA30-5769473283EF}
	EndGlobalSection
EndGlobal
